PODS:
  - AppCenter/Analytics (1.5.0):
    - AppCenter/Core
  - AppCenter/Core (1.5.0)
  - AppCenter/Crashes (1.5.0):
    - AppCenter/Core
  - AppCenterReactNativeShared (1.4.0):
    - AppCenter/Core (= 1.5.0)
  - AWSCore (2.6.27)
  - AWSDynamoDB (2.6.27):
    - AWSCore (= 2.6.27)
  - GoogleToolboxForMac/Defines (2.1.0)
  - GoogleToolboxForMac/Logger (2.1.0):
    - GoogleToolboxForMac/Defines (= 2.1.0)
  - GTMSessionFetcher/Core (1.1.6)
  - GVRAudioSDK (1.120.0)
  - GVRSDK (1.120.0):
    - GoogleToolboxForMac/Logger (= 2.1.0)
    - GTMSessionFetcher/Core (= 1.1.6)
  - ViroKit (1.0):
    - AWSDynamoDB (~> 2.6.7)
    - GVRAudioSDK (= 1.120.0)
    - GVRSDK (= 1.120.0)
  - ViroReact (1.0)

DEPENDENCIES:
  - AppCenter/Analytics (~> 1.5.0)
  - AppCenter/Crashes (~> 1.5.0)
  - AppCenterReactNativeShared (~> 1.4.0)
  - ViroKit (from `../node_modules/react-viro/ios/dist/ViroRenderer/`)
  - ViroReact (from `../node_modules/react-viro/ios/`)

SPEC REPOS:
  https://github.com/cocoapods/specs.git:
    - AppCenter
    - AppCenterReactNativeShared
    - AWSCore
    - AWSDynamoDB
    - GoogleToolboxForMac
    - GTMSessionFetcher
    - GVRAudioSDK
    - GVRSDK

EXTERNAL SOURCES:
  ViroKit:
    :path: "../node_modules/react-viro/ios/dist/ViroRenderer/"
  ViroReact:
    :path: "../node_modules/react-viro/ios/"

SPEC CHECKSUMS:
  AppCenter: 42c293f0de27e173aacd600a55a49da5317cd40e
  AppCenterReactNativeShared: 056324303732841fff14f2a71c4a6839831b038b
  AWSCore: 87e3711bc0d7e055f9d85b6ef272d7f91f2e0796
  AWSDynamoDB: 7e127c0e1649ae16dd0075fdf76ffe0eeedbc049
  GoogleToolboxForMac: 2b2596cbb7186865e98cadf2b1e262d851c2b168
  GTMSessionFetcher: 6aacd0ab48ddf0c3633ab2642d792abfcad1b08a
  GVRAudioSDK: 302f0a8f190d855868ea07f246ce4f9b44c392ae
  GVRSDK: 0cb9d0ce06a84d698e61e3db9509766022dcf815
  ViroKit: 9631f301ef6a3f56116b23d6aac5d5c2307aa368
  ViroReact: 5520f26ac4654e361786c82da3b29ce0402c3c00

PODFILE CHECKSUM: cbed4494d64e3ee7391d5f1d53758df0b018ca3d

COCOAPODS: 1.5.3
